
Microsoft Visual Studio Solution File, Format Version 12.00
# Visual Studio 15
VisualStudioVersion = 15.0.28010.2048
MinimumVisualStudioVersion = 10.0.40219.1
Project("{FAE04EC0-301F-11D3-BF4B-00C04F79EFBC}") = "treeIntersection", "treeIntersection\treeIntersection.csproj", "{66F17DB8-469E-4A96-9DF2-498166A8CCCF}"
EndProject
Project("{FAE04EC0-301F-11D3-BF4B-00C04F79EFBC}") = "treeIntersectionTest", "treeIntersectionTest\treeIntersectionTest.csproj", "{70A2A1F2-68BA-4D4E-B50B-835839FA329F}"
EndProject
Global
	GlobalSection(SolutionConfigurationPlatforms) = preSolution
		Debug|Any CPU = Debug|Any CPU
		Release|Any CPU = Release|Any CPU
	EndGlobalSection
	GlobalSection(ProjectConfigurationPlatforms) = postSolution
		{66F17DB8-469E-4A96-9DF2-498166A8CCCF}.Debug|Any CPU.ActiveCfg = Debug|Any CPU
		{66F17DB8-469E-4A96-9DF2-498166A8CCCF}.Debug|Any CPU.Build.0 = Debug|Any CPU
		{66F17DB8-469E-4A96-9DF2-498166A8CCCF}.Release|Any CPU.ActiveCfg = Release|Any CPU
		{66F17DB8-469E-4A96-9DF2-498166A8CCCF}.Release|Any CPU.Build.0 = Release|Any CPU
		{70A2A1F2-68BA-4D4E-B50B-835839FA329F}.Debug|Any CPU.ActiveCfg = Debug|Any CPU
		{70A2A1F2-68BA-4D4E-B50B-835839FA329F}.Debug|Any CPU.Build.0 = Debug|Any CPU
		{70A2A1F2-68BA-4D4E-B50B-835839FA329F}.Release|Any CPU.ActiveCfg = Release|Any CPU
		{70A2A1F2-68BA-4D4E-B50B-835839FA329F}.Release|Any CPU.Build.0 = Release|Any CPU
	EndGlobalSection
	GlobalSection(SolutionProperties) = preSolution
		HideSolutionNode = FALSE
	EndGlobalSection
	GlobalSection(ExtensibilityGlobals) = postSolution
		SolutionGuid = {9D319A5B-D8E4-4FA8-AF1B-D38C6550ADE6}
	EndGlobalSection
EndGlobal
