
Microsoft Visual Studio Solution File, Format Version 12.00
# Visual Studio 15
VisualStudioVersion = 15.0.27703.2000
MinimumVisualStudioVersion = 10.0.40219.1
Project("{FAE04EC0-301F-11D3-BF4B-00C04F79EFBC}") = "LargestProduct", "LargestProduct\LargestProduct.csproj", "{136912C8-E173-463C-9E6D-F4028EA7720C}"
EndProject
Global
	GlobalSection(SolutionConfigurationPlatforms) = preSolution
		Debug|Any CPU = Debug|Any CPU
		Release|Any CPU = Release|Any CPU
	EndGlobalSection
	GlobalSection(ProjectConfigurationPlatforms) = postSolution
		{136912C8-E173-463C-9E6D-F4028EA7720C}.Debug|Any CPU.ActiveCfg = Debug|Any CPU
		{136912C8-E173-463C-9E6D-F4028EA7720C}.Debug|Any CPU.Build.0 = Debug|Any CPU
		{136912C8-E173-463C-9E6D-F4028EA7720C}.Release|Any CPU.ActiveCfg = Release|Any CPU
		{136912C8-E173-463C-9E6D-F4028EA7720C}.Release|Any CPU.Build.0 = Release|Any CPU
	EndGlobalSection
	GlobalSection(SolutionProperties) = preSolution
		HideSolutionNode = FALSE
	EndGlobalSection
	GlobalSection(ExtensibilityGlobals) = postSolution
		SolutionGuid = {062E87F7-46C2-4F09-96D4-E5656673EC73}
	EndGlobalSection
EndGlobal
