
Microsoft Visual Studio Solution File, Format Version 12.00
# Visual Studio 15
VisualStudioVersion = 15.0.28010.2048
MinimumVisualStudioVersion = 10.0.40219.1
Project("{FAE04EC0-301F-11D3-BF4B-00C04F79EFBC}") = "findMaxInBinaryTree", "findMaxInBinaryTree\findMaxInBinaryTree.csproj", "{D308864E-6D91-45AA-9E4A-1792E1AE684B}"
EndProject
Global
	GlobalSection(SolutionConfigurationPlatforms) = preSolution
		Debug|Any CPU = Debug|Any CPU
		Release|Any CPU = Release|Any CPU
	EndGlobalSection
	GlobalSection(ProjectConfigurationPlatforms) = postSolution
		{D308864E-6D91-45AA-9E4A-1792E1AE684B}.Debug|Any CPU.ActiveCfg = Debug|Any CPU
		{D308864E-6D91-45AA-9E4A-1792E1AE684B}.Debug|Any CPU.Build.0 = Debug|Any CPU
		{D308864E-6D91-45AA-9E4A-1792E1AE684B}.Release|Any CPU.ActiveCfg = Release|Any CPU
		{D308864E-6D91-45AA-9E4A-1792E1AE684B}.Release|Any CPU.Build.0 = Release|Any CPU
	EndGlobalSection
	GlobalSection(SolutionProperties) = preSolution
		HideSolutionNode = FALSE
	EndGlobalSection
	GlobalSection(ExtensibilityGlobals) = postSolution
		SolutionGuid = {5045DDDE-9A8B-4178-A766-1C4BD852C3B3}
	EndGlobalSection
EndGlobal
