
Microsoft Visual Studio Solution File, Format Version 12.00
# Visual Studio 15
VisualStudioVersion = 15.0.28010.2036
MinimumVisualStudioVersion = 10.0.40219.1
Project("{FAE04EC0-301F-11D3-BF4B-00C04F79EFBC}") = "stackAndQueue", "stackAndQueue\stackAndQueue.csproj", "{584737FF-371F-40D1-9FF1-613A9C421604}"
EndProject
Project("{FAE04EC0-301F-11D3-BF4B-00C04F79EFBC}") = "stackAndQueueTest", "stackAndQueueTest\stackAndQueueTest.csproj", "{D3DFAAA2-D192-4DA3-87B9-B40F8BEB4017}"
EndProject
Global
	GlobalSection(SolutionConfigurationPlatforms) = preSolution
		Debug|Any CPU = Debug|Any CPU
		Release|Any CPU = Release|Any CPU
	EndGlobalSection
	GlobalSection(ProjectConfigurationPlatforms) = postSolution
		{584737FF-371F-40D1-9FF1-613A9C421604}.Debug|Any CPU.ActiveCfg = Debug|Any CPU
		{584737FF-371F-40D1-9FF1-613A9C421604}.Debug|Any CPU.Build.0 = Debug|Any CPU
		{584737FF-371F-40D1-9FF1-613A9C421604}.Release|Any CPU.ActiveCfg = Release|Any CPU
		{584737FF-371F-40D1-9FF1-613A9C421604}.Release|Any CPU.Build.0 = Release|Any CPU
		{D3DFAAA2-D192-4DA3-87B9-B40F8BEB4017}.Debug|Any CPU.ActiveCfg = Debug|Any CPU
		{D3DFAAA2-D192-4DA3-87B9-B40F8BEB4017}.Debug|Any CPU.Build.0 = Debug|Any CPU
		{D3DFAAA2-D192-4DA3-87B9-B40F8BEB4017}.Release|Any CPU.ActiveCfg = Release|Any CPU
		{D3DFAAA2-D192-4DA3-87B9-B40F8BEB4017}.Release|Any CPU.Build.0 = Release|Any CPU
	EndGlobalSection
	GlobalSection(SolutionProperties) = preSolution
		HideSolutionNode = FALSE
	EndGlobalSection
	GlobalSection(ExtensibilityGlobals) = postSolution
		SolutionGuid = {80DFD383-81D9-4FC1-AF21-9ED9B87F6CE5}
	EndGlobalSection
EndGlobal
