
Microsoft Visual Studio Solution File, Format Version 12.00
# Visual Studio 15
VisualStudioVersion = 15.0.28010.2048
MinimumVisualStudioVersion = 10.0.40219.1
Project("{FAE04EC0-301F-11D3-BF4B-00C04F79EFBC}") = "uniqueCharacters", "uniqueCharacters\uniqueCharacters.csproj", "{0D090BCD-73E5-4221-AC36-1B7E982EAB0C}"
EndProject
Project("{FAE04EC0-301F-11D3-BF4B-00C04F79EFBC}") = "uniqueCharactersTest", "uniqueCharactersTest\uniqueCharactersTest.csproj", "{F3123AA7-A275-4344-BC91-6C59B7C715F2}"
EndProject
Global
	GlobalSection(SolutionConfigurationPlatforms) = preSolution
		Debug|Any CPU = Debug|Any CPU
		Release|Any CPU = Release|Any CPU
	EndGlobalSection
	GlobalSection(ProjectConfigurationPlatforms) = postSolution
		{0D090BCD-73E5-4221-AC36-1B7E982EAB0C}.Debug|Any CPU.ActiveCfg = Debug|Any CPU
		{0D090BCD-73E5-4221-AC36-1B7E982EAB0C}.Debug|Any CPU.Build.0 = Debug|Any CPU
		{0D090BCD-73E5-4221-AC36-1B7E982EAB0C}.Release|Any CPU.ActiveCfg = Release|Any CPU
		{0D090BCD-73E5-4221-AC36-1B7E982EAB0C}.Release|Any CPU.Build.0 = Release|Any CPU
		{F3123AA7-A275-4344-BC91-6C59B7C715F2}.Debug|Any CPU.ActiveCfg = Debug|Any CPU
		{F3123AA7-A275-4344-BC91-6C59B7C715F2}.Debug|Any CPU.Build.0 = Debug|Any CPU
		{F3123AA7-A275-4344-BC91-6C59B7C715F2}.Release|Any CPU.ActiveCfg = Release|Any CPU
		{F3123AA7-A275-4344-BC91-6C59B7C715F2}.Release|Any CPU.Build.0 = Release|Any CPU
	EndGlobalSection
	GlobalSection(SolutionProperties) = preSolution
		HideSolutionNode = FALSE
	EndGlobalSection
	GlobalSection(ExtensibilityGlobals) = postSolution
		SolutionGuid = {D938F8B6-7386-4158-BF40-87B963CA5871}
	EndGlobalSection
EndGlobal
