
Microsoft Visual Studio Solution File, Format Version 12.00
# Visual Studio 15
VisualStudioVersion = 15.0.28010.2036
MinimumVisualStudioVersion = 10.0.40219.1
Project("{FAE04EC0-301F-11D3-BF4B-00C04F79EFBC}") = "queueWithStacks", "queueWithStacks\queueWithStacks.csproj", "{003BD0B7-1A05-4718-92A5-B71A526AF2A4}"
EndProject
Project("{FAE04EC0-301F-11D3-BF4B-00C04F79EFBC}") = "queueWithStacksTest", "queueWithStacksTest\queueWithStacksTest.csproj", "{FA3BE4D8-1CAF-46F8-B66A-B0ACFEDE29D0}"
EndProject
Global
	GlobalSection(SolutionConfigurationPlatforms) = preSolution
		Debug|Any CPU = Debug|Any CPU
		Release|Any CPU = Release|Any CPU
	EndGlobalSection
	GlobalSection(ProjectConfigurationPlatforms) = postSolution
		{003BD0B7-1A05-4718-92A5-B71A526AF2A4}.Debug|Any CPU.ActiveCfg = Debug|Any CPU
		{003BD0B7-1A05-4718-92A5-B71A526AF2A4}.Debug|Any CPU.Build.0 = Debug|Any CPU
		{003BD0B7-1A05-4718-92A5-B71A526AF2A4}.Release|Any CPU.ActiveCfg = Release|Any CPU
		{003BD0B7-1A05-4718-92A5-B71A526AF2A4}.Release|Any CPU.Build.0 = Release|Any CPU
		{FA3BE4D8-1CAF-46F8-B66A-B0ACFEDE29D0}.Debug|Any CPU.ActiveCfg = Debug|Any CPU
		{FA3BE4D8-1CAF-46F8-B66A-B0ACFEDE29D0}.Debug|Any CPU.Build.0 = Debug|Any CPU
		{FA3BE4D8-1CAF-46F8-B66A-B0ACFEDE29D0}.Release|Any CPU.ActiveCfg = Release|Any CPU
		{FA3BE4D8-1CAF-46F8-B66A-B0ACFEDE29D0}.Release|Any CPU.Build.0 = Release|Any CPU
	EndGlobalSection
	GlobalSection(SolutionProperties) = preSolution
		HideSolutionNode = FALSE
	EndGlobalSection
	GlobalSection(ExtensibilityGlobals) = postSolution
		SolutionGuid = {DC42F73E-D47E-4B49-90DD-139EFE77596A}
	EndGlobalSection
EndGlobal
