
Microsoft Visual Studio Solution File, Format Version 12.00
# Visual Studio 15
VisualStudioVersion = 15.0.28010.2048
MinimumVisualStudioVersion = 10.0.40219.1
Project("{FAE04EC0-301F-11D3-BF4B-00C04F79EFBC}") = "trees", "trees\trees.csproj", "{17F7C86C-1D48-4BB8-83DE-A1EF153B5039}"
EndProject
Project("{FAE04EC0-301F-11D3-BF4B-00C04F79EFBC}") = "treesTest", "treesTest\treesTest.csproj", "{FDFC21B6-5AB5-46D6-A1B0-9D23911516C3}"
EndProject
Global
	GlobalSection(SolutionConfigurationPlatforms) = preSolution
		Debug|Any CPU = Debug|Any CPU
		Release|Any CPU = Release|Any CPU
	EndGlobalSection
	GlobalSection(ProjectConfigurationPlatforms) = postSolution
		{17F7C86C-1D48-4BB8-83DE-A1EF153B5039}.Debug|Any CPU.ActiveCfg = Debug|Any CPU
		{17F7C86C-1D48-4BB8-83DE-A1EF153B5039}.Debug|Any CPU.Build.0 = Debug|Any CPU
		{17F7C86C-1D48-4BB8-83DE-A1EF153B5039}.Release|Any CPU.ActiveCfg = Release|Any CPU
		{17F7C86C-1D48-4BB8-83DE-A1EF153B5039}.Release|Any CPU.Build.0 = Release|Any CPU
		{FDFC21B6-5AB5-46D6-A1B0-9D23911516C3}.Debug|Any CPU.ActiveCfg = Debug|Any CPU
		{FDFC21B6-5AB5-46D6-A1B0-9D23911516C3}.Debug|Any CPU.Build.0 = Debug|Any CPU
		{FDFC21B6-5AB5-46D6-A1B0-9D23911516C3}.Release|Any CPU.ActiveCfg = Release|Any CPU
		{FDFC21B6-5AB5-46D6-A1B0-9D23911516C3}.Release|Any CPU.Build.0 = Release|Any CPU
	EndGlobalSection
	GlobalSection(SolutionProperties) = preSolution
		HideSolutionNode = FALSE
	EndGlobalSection
	GlobalSection(ExtensibilityGlobals) = postSolution
		SolutionGuid = {F4C77F27-15C3-4086-9F15-9CF2FBE4D126}
	EndGlobalSection
EndGlobal
