
Microsoft Visual Studio Solution File, Format Version 12.00
# Visual Studio 15
VisualStudioVersion = 15.0.28010.2036
MinimumVisualStudioVersion = 10.0.40219.1
Project("{9A19103F-16F7-4668-BE54-9A1E7A4F7556}") = "linkedListPalindrome", "linkedListPalindrome\linkedListPalindrome.csproj", "{383C0F0E-19A5-4F39-A520-73F7EB3B578D}"
EndProject
Project("{FAE04EC0-301F-11D3-BF4B-00C04F79EFBC}") = "linkedListPalindromeTest", "linkedListPalindromeTest\linkedListPalindromeTest.csproj", "{D3FAECD8-FEA6-4173-B37F-CD6AA463EA13}"
EndProject
Global
	GlobalSection(SolutionConfigurationPlatforms) = preSolution
		Debug|Any CPU = Debug|Any CPU
		Release|Any CPU = Release|Any CPU
	EndGlobalSection
	GlobalSection(ProjectConfigurationPlatforms) = postSolution
		{383C0F0E-19A5-4F39-A520-73F7EB3B578D}.Debug|Any CPU.ActiveCfg = Debug|Any CPU
		{383C0F0E-19A5-4F39-A520-73F7EB3B578D}.Debug|Any CPU.Build.0 = Debug|Any CPU
		{383C0F0E-19A5-4F39-A520-73F7EB3B578D}.Release|Any CPU.ActiveCfg = Release|Any CPU
		{383C0F0E-19A5-4F39-A520-73F7EB3B578D}.Release|Any CPU.Build.0 = Release|Any CPU
		{D3FAECD8-FEA6-4173-B37F-CD6AA463EA13}.Debug|Any CPU.ActiveCfg = Debug|Any CPU
		{D3FAECD8-FEA6-4173-B37F-CD6AA463EA13}.Debug|Any CPU.Build.0 = Debug|Any CPU
		{D3FAECD8-FEA6-4173-B37F-CD6AA463EA13}.Release|Any CPU.ActiveCfg = Release|Any CPU
		{D3FAECD8-FEA6-4173-B37F-CD6AA463EA13}.Release|Any CPU.Build.0 = Release|Any CPU
	EndGlobalSection
	GlobalSection(SolutionProperties) = preSolution
		HideSolutionNode = FALSE
	EndGlobalSection
	GlobalSection(ExtensibilityGlobals) = postSolution
		SolutionGuid = {F57FC4B8-7B69-440E-BC05-ACD573397A7C}
	EndGlobalSection
EndGlobal
