
Microsoft Visual Studio Solution File, Format Version 12.00
# Visual Studio 15
VisualStudioVersion = 15.0.28010.2036
MinimumVisualStudioVersion = 10.0.40219.1
Project("{FAE04EC0-301F-11D3-BF4B-00C04F79EFBC}") = "fifoAnimalShelter", "fifoAnimalShelter\fifoAnimalShelter.csproj", "{CCE7E8CE-AF10-4CDB-9737-4291B99D6F11}"
EndProject
Project("{FAE04EC0-301F-11D3-BF4B-00C04F79EFBC}") = "fifoAnimalShelterTest", "fifoAnimalShelterTest\fifoAnimalShelterTest.csproj", "{71D66F69-E14A-4F2D-8706-68D17F071A32}"
EndProject
Global
	GlobalSection(SolutionConfigurationPlatforms) = preSolution
		Debug|Any CPU = Debug|Any CPU
		Release|Any CPU = Release|Any CPU
	EndGlobalSection
	GlobalSection(ProjectConfigurationPlatforms) = postSolution
		{CCE7E8CE-AF10-4CDB-9737-4291B99D6F11}.Debug|Any CPU.ActiveCfg = Debug|Any CPU
		{CCE7E8CE-AF10-4CDB-9737-4291B99D6F11}.Debug|Any CPU.Build.0 = Debug|Any CPU
		{CCE7E8CE-AF10-4CDB-9737-4291B99D6F11}.Release|Any CPU.ActiveCfg = Release|Any CPU
		{CCE7E8CE-AF10-4CDB-9737-4291B99D6F11}.Release|Any CPU.Build.0 = Release|Any CPU
		{71D66F69-E14A-4F2D-8706-68D17F071A32}.Debug|Any CPU.ActiveCfg = Debug|Any CPU
		{71D66F69-E14A-4F2D-8706-68D17F071A32}.Debug|Any CPU.Build.0 = Debug|Any CPU
		{71D66F69-E14A-4F2D-8706-68D17F071A32}.Release|Any CPU.ActiveCfg = Release|Any CPU
		{71D66F69-E14A-4F2D-8706-68D17F071A32}.Release|Any CPU.Build.0 = Release|Any CPU
	EndGlobalSection
	GlobalSection(SolutionProperties) = preSolution
		HideSolutionNode = FALSE
	EndGlobalSection
	GlobalSection(ExtensibilityGlobals) = postSolution
		SolutionGuid = {B02A60F8-4043-4586-ACDD-E64EC9C40755}
	EndGlobalSection
EndGlobal
