
Microsoft Visual Studio Solution File, Format Version 12.00
# Visual Studio 15
VisualStudioVersion = 15.0.28010.2036
MinimumVisualStudioVersion = 10.0.40219.1
Project("{FAE04EC0-301F-11D3-BF4B-00C04F79EFBC}") = "multiBracketValidation", "multiBracketValidation\multiBracketValidation.csproj", "{5132E4DC-A490-4804-82DC-7004882863BF}"
EndProject
Project("{FAE04EC0-301F-11D3-BF4B-00C04F79EFBC}") = "multiBracketValidationTest", "multiBracketValidationTest\multiBracketValidationTest.csproj", "{3B6EF4B9-C9FD-43B3-AB30-9109B816A557}"
EndProject
Global
	GlobalSection(SolutionConfigurationPlatforms) = preSolution
		Debug|Any CPU = Debug|Any CPU
		Release|Any CPU = Release|Any CPU
	EndGlobalSection
	GlobalSection(ProjectConfigurationPlatforms) = postSolution
		{5132E4DC-A490-4804-82DC-7004882863BF}.Debug|Any CPU.ActiveCfg = Debug|Any CPU
		{5132E4DC-A490-4804-82DC-7004882863BF}.Debug|Any CPU.Build.0 = Debug|Any CPU
		{5132E4DC-A490-4804-82DC-7004882863BF}.Release|Any CPU.ActiveCfg = Release|Any CPU
		{5132E4DC-A490-4804-82DC-7004882863BF}.Release|Any CPU.Build.0 = Release|Any CPU
		{3B6EF4B9-C9FD-43B3-AB30-9109B816A557}.Debug|Any CPU.ActiveCfg = Debug|Any CPU
		{3B6EF4B9-C9FD-43B3-AB30-9109B816A557}.Debug|Any CPU.Build.0 = Debug|Any CPU
		{3B6EF4B9-C9FD-43B3-AB30-9109B816A557}.Release|Any CPU.ActiveCfg = Release|Any CPU
		{3B6EF4B9-C9FD-43B3-AB30-9109B816A557}.Release|Any CPU.Build.0 = Release|Any CPU
	EndGlobalSection
	GlobalSection(SolutionProperties) = preSolution
		HideSolutionNode = FALSE
	EndGlobalSection
	GlobalSection(ExtensibilityGlobals) = postSolution
		SolutionGuid = {9812AE77-CFFB-4905-8BA2-676A1969DD55}
	EndGlobalSection
EndGlobal
